
Microsoft Visual Studio Solution File, Format Version 12.00
# Visual Studio Version 17
VisualStudioVersion = 17.11.35208.52
MinimumVisualStudioVersion = 10.0.40219.1
Project("{FAE04EC0-301F-11D3-BF4B-00C04F79EFBC}") = "Flyout_navigation_maui", "Flyout_navigation_maui\Flyout_navigation_maui.csproj", "{063BF318-CE24-4CA3-9869-ED333FB79B3A}"
EndProject
Global
	GlobalSection(SolutionConfigurationPlatforms) = preSolution
		Debug|Any CPU = Debug|Any CPU
		Release|Any CPU = Release|Any CPU
	EndGlobalSection
	GlobalSection(ProjectConfigurationPlatforms) = postSolution
		{063BF318-CE24-4CA3-9869-ED333FB79B3A}.Debug|Any CPU.ActiveCfg = Debug|Any CPU
		{063BF318-CE24-4CA3-9869-ED333FB79B3A}.Debug|Any CPU.Build.0 = Debug|Any CPU
		{063BF318-CE24-4CA3-9869-ED333FB79B3A}.Debug|Any CPU.Deploy.0 = Debug|Any CPU
		{063BF318-CE24-4CA3-9869-ED333FB79B3A}.Release|Any CPU.ActiveCfg = Release|Any CPU
		{063BF318-CE24-4CA3-9869-ED333FB79B3A}.Release|Any CPU.Build.0 = Release|Any CPU
		{063BF318-CE24-4CA3-9869-ED333FB79B3A}.Release|Any CPU.Deploy.0 = Release|Any CPU
	EndGlobalSection
	GlobalSection(SolutionProperties) = preSolution
		HideSolutionNode = FALSE
	EndGlobalSection
	GlobalSection(ExtensibilityGlobals) = postSolution
		SolutionGuid = {33DB03D5-EAB5-487E-AB2F-47B89AC1BC8B}
	EndGlobalSection
EndGlobal
